
Microsoft Visual Studio Solution File, Format Version 12.00
# Visual Studio 15
VisualStudioVersion = 15.0.28010.2026
MinimumVisualStudioVersion = 10.0.40219.1
Project("{FAE04EC0-301F-11D3-BF4B-00C04F79EFBC}") = "TrainingCSharp", "TrainingCSharp\TrainingCSharp.csproj", "{4B5BFD4D-EE62-4464-A139-E0843241AB3B}"
EndProject
Project("{FAE04EC0-301F-11D3-BF4B-00C04F79EFBC}") = "TraininCsharpExcersices", "TraininCsharpExcersices\TraininCsharpExcersices.csproj", "{B9C1DB85-2F82-4095-A373-841FB3480227}"
EndProject
Project("{FAE04EC0-301F-11D3-BF4B-00C04F79EFBC}") = "CSharpFundamentals", "CSharpFundamentals\CSharpFundamentals\CSharpFundamentals.csproj", "{6B217579-3AB5-4BDF-AC3B-F87EB8F99A3C}"
EndProject
Project("{2150E333-8FDC-42A3-9474-1A3956D46DE8}") = "Cshap Beginners", "Cshap Beginners", "{BE8A3564-EF98-42AF-914D-8801F71EF143}"
EndProject
Project("{2150E333-8FDC-42A3-9474-1A3956D46DE8}") = "Csharp-Intermediate", "Csharp-Intermediate", "{9C791C41-7616-4E5D-959E-AFEC6AF1383E}"
EndProject
Project("{2150E333-8FDC-42A3-9474-1A3956D46DE8}") = "Section 2", "Section 2", "{DFFA0828-7277-4E48-92E9-1FE9A22BBF0C}"
EndProject
Project("{FAE04EC0-301F-11D3-BF4B-00C04F79EFBC}") = "Classes", "Classes\Classes.csproj", "{99709C7A-147C-413C-B39F-60FB8CA9A630}"
EndProject
Project("{FAE04EC0-301F-11D3-BF4B-00C04F79EFBC}") = "Cosntructoers", "Cosntructoers\Cosntructoers.csproj", "{71B4025D-03B8-49CE-B16A-2FDE9981466E}"
EndProject
Project("{FAE04EC0-301F-11D3-BF4B-00C04F79EFBC}") = "Methods", "Methods\Methods.csproj", "{D0E26EF1-EAC0-400A-9739-904FAF5E153C}"
EndProject
Project("{FAE04EC0-301F-11D3-BF4B-00C04F79EFBC}") = "Fields", "Fields\Fields.csproj", "{E2C4C32B-B4EA-45B1-ADB7-63A740EB91B5}"
EndProject
Project("{FAE04EC0-301F-11D3-BF4B-00C04F79EFBC}") = "AcessModifiers", "AcessModifiers\AcessModifiers.csproj", "{15B96C9A-2CC0-4505-A036-5C8780D057ED}"
EndProject
Project("{FAE04EC0-301F-11D3-BF4B-00C04F79EFBC}") = "Properties", "Properties\Properties.csproj", "{C9793F5D-5411-4875-B6D0-64BC1892C13E}"
EndProject
Project("{FAE04EC0-301F-11D3-BF4B-00C04F79EFBC}") = "Indexers", "Indexers\Indexers.csproj", "{171F8D0B-E457-48E1-A263-1CDF1A3717CA}"
EndProject
Project("{FAE04EC0-301F-11D3-BF4B-00C04F79EFBC}") = "Excersices1", "Excersices\Excersices1.csproj", "{879E38B7-6D94-45B6-935D-4145BF6DC4B4}"
EndProject
Project("{FAE04EC0-301F-11D3-BF4B-00C04F79EFBC}") = "Excersise2", "Excersise2\Excersise2.csproj", "{3DE0AB32-AFC1-442C-AF56-014E030CF6A7}"
EndProject
Project("{2150E333-8FDC-42A3-9474-1A3956D46DE8}") = "Section 3", "Section 3", "{6330F757-7EDE-4F94-A07B-7967E0AC30B6}"
EndProject
Project("{FAE04EC0-301F-11D3-BF4B-00C04F79EFBC}") = "Inheritance", "Inheritance\Inheritance.csproj", "{068ED4CE-B4B3-4B82-B8B7-651E55566C72}"
EndProject
Project("{FAE04EC0-301F-11D3-BF4B-00C04F79EFBC}") = "Composition", "Composition\Composition.csproj", "{BB7C279A-2B67-4F44-80C3-5876D162D065}"
EndProject
Project("{2150E333-8FDC-42A3-9474-1A3956D46DE8}") = "Section 4", "Section 4", "{1FE0C905-6546-46FF-8BED-5CB7427DA8CD}"
EndProject
Project("{FAE04EC0-301F-11D3-BF4B-00C04F79EFBC}") = "Access Modifiers", "Access Modifiers\Access Modifiers.csproj", "{2F090372-0403-44F8-BB68-C674F849F27C}"
EndProject
Project("{2150E333-8FDC-42A3-9474-1A3956D46DE8}") = "Access Modifiers", "Access Modifiers", "{E9EEE0EB-7990-46FB-A4B2-B1257D786EAC}"
EndProject
Project("{9A19103F-16F7-4668-BE54-9A1E7A4F7556}") = "Amazon", "Amazon\Amazon.csproj", "{5B3EECAC-4612-48BC-AF71-32F7BD3BFB64}"
EndProject
Project("{FAE04EC0-301F-11D3-BF4B-00C04F79EFBC}") = "Constructors and Inheritance", "Constructors and Inheritance\Constructors and Inheritance.csproj", "{9F4218B1-271B-4EEA-A5D3-104EE96FD383}"
EndProject
Project("{FAE04EC0-301F-11D3-BF4B-00C04F79EFBC}") = "Upcasting and Downcasting", "Upcasting and Downcasting\Upcasting and Downcasting.csproj", "{1BB83126-4F33-4BF3-A683-878234643D74}"
EndProject
Project("{2150E333-8FDC-42A3-9474-1A3956D46DE8}") = "DownCasting-Upcasting", "DownCasting-Upcasting", "{7FBE1386-576C-4220-A93B-5B7DF4339769}"
EndProject
Project("{FAE04EC0-301F-11D3-BF4B-00C04F79EFBC}") = "WpfApp1", "WpfApp1\WpfApp1.csproj", "{5381E02F-4D9F-4F59-B777-864589901FD2}"
EndProject
Project("{FAE04EC0-301F-11D3-BF4B-00C04F79EFBC}") = "Boxing and Unboxing", "Boxing and Unboxing\Boxing and Unboxing.csproj", "{911021EE-DBD3-4669-96BA-65ACE4994979}"
EndProject
Project("{FAE04EC0-301F-11D3-BF4B-00C04F79EFBC}") = "Exersise_4", "Exersise\Exersise_4.csproj", "{FD0449D7-8329-404E-A8F1-626231553335}"
EndProject
Project("{2150E333-8FDC-42A3-9474-1A3956D46DE8}") = "Sesction 5", "Sesction 5", "{6484C734-C802-40E9-ACBF-0D2B3A592024}"
EndProject
Project("{FAE04EC0-301F-11D3-BF4B-00C04F79EFBC}") = "MethodOverriding", "MethodOverriding\MethodOverriding.csproj", "{BB3F278E-B505-43E2-AE0B-52FF292C88FB}"
EndProject
Global
	GlobalSection(SolutionConfigurationPlatforms) = preSolution
		Debug|Any CPU = Debug|Any CPU
		Release|Any CPU = Release|Any CPU
	EndGlobalSection
	GlobalSection(ProjectConfigurationPlatforms) = postSolution
		{4B5BFD4D-EE62-4464-A139-E0843241AB3B}.Debug|Any CPU.ActiveCfg = Debug|Any CPU
		{4B5BFD4D-EE62-4464-A139-E0843241AB3B}.Debug|Any CPU.Build.0 = Debug|Any CPU
		{4B5BFD4D-EE62-4464-A139-E0843241AB3B}.Release|Any CPU.ActiveCfg = Release|Any CPU
		{4B5BFD4D-EE62-4464-A139-E0843241AB3B}.Release|Any CPU.Build.0 = Release|Any CPU
		{B9C1DB85-2F82-4095-A373-841FB3480227}.Debug|Any CPU.ActiveCfg = Debug|Any CPU
		{B9C1DB85-2F82-4095-A373-841FB3480227}.Debug|Any CPU.Build.0 = Debug|Any CPU
		{B9C1DB85-2F82-4095-A373-841FB3480227}.Release|Any CPU.ActiveCfg = Release|Any CPU
		{B9C1DB85-2F82-4095-A373-841FB3480227}.Release|Any CPU.Build.0 = Release|Any CPU
		{6B217579-3AB5-4BDF-AC3B-F87EB8F99A3C}.Debug|Any CPU.ActiveCfg = Debug|Any CPU
		{6B217579-3AB5-4BDF-AC3B-F87EB8F99A3C}.Debug|Any CPU.Build.0 = Debug|Any CPU
		{6B217579-3AB5-4BDF-AC3B-F87EB8F99A3C}.Release|Any CPU.ActiveCfg = Release|Any CPU
		{6B217579-3AB5-4BDF-AC3B-F87EB8F99A3C}.Release|Any CPU.Build.0 = Release|Any CPU
		{99709C7A-147C-413C-B39F-60FB8CA9A630}.Debug|Any CPU.ActiveCfg = Debug|Any CPU
		{99709C7A-147C-413C-B39F-60FB8CA9A630}.Debug|Any CPU.Build.0 = Debug|Any CPU
		{99709C7A-147C-413C-B39F-60FB8CA9A630}.Release|Any CPU.ActiveCfg = Release|Any CPU
		{99709C7A-147C-413C-B39F-60FB8CA9A630}.Release|Any CPU.Build.0 = Release|Any CPU
		{71B4025D-03B8-49CE-B16A-2FDE9981466E}.Debug|Any CPU.ActiveCfg = Debug|Any CPU
		{71B4025D-03B8-49CE-B16A-2FDE9981466E}.Debug|Any CPU.Build.0 = Debug|Any CPU
		{71B4025D-03B8-49CE-B16A-2FDE9981466E}.Release|Any CPU.ActiveCfg = Release|Any CPU
		{71B4025D-03B8-49CE-B16A-2FDE9981466E}.Release|Any CPU.Build.0 = Release|Any CPU
		{D0E26EF1-EAC0-400A-9739-904FAF5E153C}.Debug|Any CPU.ActiveCfg = Debug|Any CPU
		{D0E26EF1-EAC0-400A-9739-904FAF5E153C}.Debug|Any CPU.Build.0 = Debug|Any CPU
		{D0E26EF1-EAC0-400A-9739-904FAF5E153C}.Release|Any CPU.ActiveCfg = Release|Any CPU
		{D0E26EF1-EAC0-400A-9739-904FAF5E153C}.Release|Any CPU.Build.0 = Release|Any CPU
		{E2C4C32B-B4EA-45B1-ADB7-63A740EB91B5}.Debug|Any CPU.ActiveCfg = Debug|Any CPU
		{E2C4C32B-B4EA-45B1-ADB7-63A740EB91B5}.Debug|Any CPU.Build.0 = Debug|Any CPU
		{E2C4C32B-B4EA-45B1-ADB7-63A740EB91B5}.Release|Any CPU.ActiveCfg = Release|Any CPU
		{E2C4C32B-B4EA-45B1-ADB7-63A740EB91B5}.Release|Any CPU.Build.0 = Release|Any CPU
		{15B96C9A-2CC0-4505-A036-5C8780D057ED}.Debug|Any CPU.ActiveCfg = Debug|Any CPU
		{15B96C9A-2CC0-4505-A036-5C8780D057ED}.Debug|Any CPU.Build.0 = Debug|Any CPU
		{15B96C9A-2CC0-4505-A036-5C8780D057ED}.Release|Any CPU.ActiveCfg = Release|Any CPU
		{15B96C9A-2CC0-4505-A036-5C8780D057ED}.Release|Any CPU.Build.0 = Release|Any CPU
		{C9793F5D-5411-4875-B6D0-64BC1892C13E}.Debug|Any CPU.ActiveCfg = Debug|Any CPU
		{C9793F5D-5411-4875-B6D0-64BC1892C13E}.Debug|Any CPU.Build.0 = Debug|Any CPU
		{C9793F5D-5411-4875-B6D0-64BC1892C13E}.Release|Any CPU.ActiveCfg = Release|Any CPU
		{C9793F5D-5411-4875-B6D0-64BC1892C13E}.Release|Any CPU.Build.0 = Release|Any CPU
		{171F8D0B-E457-48E1-A263-1CDF1A3717CA}.Debug|Any CPU.ActiveCfg = Debug|Any CPU
		{171F8D0B-E457-48E1-A263-1CDF1A3717CA}.Debug|Any CPU.Build.0 = Debug|Any CPU
		{171F8D0B-E457-48E1-A263-1CDF1A3717CA}.Release|Any CPU.ActiveCfg = Release|Any CPU
		{171F8D0B-E457-48E1-A263-1CDF1A3717CA}.Release|Any CPU.Build.0 = Release|Any CPU
		{879E38B7-6D94-45B6-935D-4145BF6DC4B4}.Debug|Any CPU.ActiveCfg = Debug|Any CPU
		{879E38B7-6D94-45B6-935D-4145BF6DC4B4}.Debug|Any CPU.Build.0 = Debug|Any CPU
		{879E38B7-6D94-45B6-935D-4145BF6DC4B4}.Release|Any CPU.ActiveCfg = Release|Any CPU
		{879E38B7-6D94-45B6-935D-4145BF6DC4B4}.Release|Any CPU.Build.0 = Release|Any CPU
		{3DE0AB32-AFC1-442C-AF56-014E030CF6A7}.Debug|Any CPU.ActiveCfg = Debug|Any CPU
		{3DE0AB32-AFC1-442C-AF56-014E030CF6A7}.Debug|Any CPU.Build.0 = Debug|Any CPU
		{3DE0AB32-AFC1-442C-AF56-014E030CF6A7}.Release|Any CPU.ActiveCfg = Release|Any CPU
		{3DE0AB32-AFC1-442C-AF56-014E030CF6A7}.Release|Any CPU.Build.0 = Release|Any CPU
		{068ED4CE-B4B3-4B82-B8B7-651E55566C72}.Debug|Any CPU.ActiveCfg = Debug|Any CPU
		{068ED4CE-B4B3-4B82-B8B7-651E55566C72}.Debug|Any CPU.Build.0 = Debug|Any CPU
		{068ED4CE-B4B3-4B82-B8B7-651E55566C72}.Release|Any CPU.ActiveCfg = Release|Any CPU
		{068ED4CE-B4B3-4B82-B8B7-651E55566C72}.Release|Any CPU.Build.0 = Release|Any CPU
		{BB7C279A-2B67-4F44-80C3-5876D162D065}.Debug|Any CPU.ActiveCfg = Debug|Any CPU
		{BB7C279A-2B67-4F44-80C3-5876D162D065}.Debug|Any CPU.Build.0 = Debug|Any CPU
		{BB7C279A-2B67-4F44-80C3-5876D162D065}.Release|Any CPU.ActiveCfg = Release|Any CPU
		{BB7C279A-2B67-4F44-80C3-5876D162D065}.Release|Any CPU.Build.0 = Release|Any CPU
		{2F090372-0403-44F8-BB68-C674F849F27C}.Debug|Any CPU.ActiveCfg = Debug|Any CPU
		{2F090372-0403-44F8-BB68-C674F849F27C}.Debug|Any CPU.Build.0 = Debug|Any CPU
		{2F090372-0403-44F8-BB68-C674F849F27C}.Release|Any CPU.ActiveCfg = Release|Any CPU
		{2F090372-0403-44F8-BB68-C674F849F27C}.Release|Any CPU.Build.0 = Release|Any CPU
		{5B3EECAC-4612-48BC-AF71-32F7BD3BFB64}.Debug|Any CPU.ActiveCfg = Debug|Any CPU
		{5B3EECAC-4612-48BC-AF71-32F7BD3BFB64}.Debug|Any CPU.Build.0 = Debug|Any CPU
		{5B3EECAC-4612-48BC-AF71-32F7BD3BFB64}.Release|Any CPU.ActiveCfg = Release|Any CPU
		{5B3EECAC-4612-48BC-AF71-32F7BD3BFB64}.Release|Any CPU.Build.0 = Release|Any CPU
		{9F4218B1-271B-4EEA-A5D3-104EE96FD383}.Debug|Any CPU.ActiveCfg = Debug|Any CPU
		{9F4218B1-271B-4EEA-A5D3-104EE96FD383}.Debug|Any CPU.Build.0 = Debug|Any CPU
		{9F4218B1-271B-4EEA-A5D3-104EE96FD383}.Release|Any CPU.ActiveCfg = Release|Any CPU
		{9F4218B1-271B-4EEA-A5D3-104EE96FD383}.Release|Any CPU.Build.0 = Release|Any CPU
		{1BB83126-4F33-4BF3-A683-878234643D74}.Debug|Any CPU.ActiveCfg = Debug|Any CPU
		{1BB83126-4F33-4BF3-A683-878234643D74}.Debug|Any CPU.Build.0 = Debug|Any CPU
		{1BB83126-4F33-4BF3-A683-878234643D74}.Release|Any CPU.ActiveCfg = Release|Any CPU
		{1BB83126-4F33-4BF3-A683-878234643D74}.Release|Any CPU.Build.0 = Release|Any CPU
		{5381E02F-4D9F-4F59-B777-864589901FD2}.Debug|Any CPU.ActiveCfg = Debug|Any CPU
		{5381E02F-4D9F-4F59-B777-864589901FD2}.Debug|Any CPU.Build.0 = Debug|Any CPU
		{5381E02F-4D9F-4F59-B777-864589901FD2}.Release|Any CPU.ActiveCfg = Release|Any CPU
		{5381E02F-4D9F-4F59-B777-864589901FD2}.Release|Any CPU.Build.0 = Release|Any CPU
		{911021EE-DBD3-4669-96BA-65ACE4994979}.Debug|Any CPU.ActiveCfg = Debug|Any CPU
		{911021EE-DBD3-4669-96BA-65ACE4994979}.Debug|Any CPU.Build.0 = Debug|Any CPU
		{911021EE-DBD3-4669-96BA-65ACE4994979}.Release|Any CPU.ActiveCfg = Release|Any CPU
		{911021EE-DBD3-4669-96BA-65ACE4994979}.Release|Any CPU.Build.0 = Release|Any CPU
		{FD0449D7-8329-404E-A8F1-626231553335}.Debug|Any CPU.ActiveCfg = Debug|Any CPU
		{FD0449D7-8329-404E-A8F1-626231553335}.Debug|Any CPU.Build.0 = Debug|Any CPU
		{FD0449D7-8329-404E-A8F1-626231553335}.Release|Any CPU.ActiveCfg = Release|Any CPU
		{FD0449D7-8329-404E-A8F1-626231553335}.Release|Any CPU.Build.0 = Release|Any CPU
		{BB3F278E-B505-43E2-AE0B-52FF292C88FB}.Debug|Any CPU.ActiveCfg = Debug|Any CPU
		{BB3F278E-B505-43E2-AE0B-52FF292C88FB}.Debug|Any CPU.Build.0 = Debug|Any CPU
		{BB3F278E-B505-43E2-AE0B-52FF292C88FB}.Release|Any CPU.ActiveCfg = Release|Any CPU
		{BB3F278E-B505-43E2-AE0B-52FF292C88FB}.Release|Any CPU.Build.0 = Release|Any CPU
	EndGlobalSection
	GlobalSection(SolutionProperties) = preSolution
		HideSolutionNode = FALSE
	EndGlobalSection
	GlobalSection(NestedProjects) = preSolution
		{4B5BFD4D-EE62-4464-A139-E0843241AB3B} = {BE8A3564-EF98-42AF-914D-8801F71EF143}
		{B9C1DB85-2F82-4095-A373-841FB3480227} = {BE8A3564-EF98-42AF-914D-8801F71EF143}
		{6B217579-3AB5-4BDF-AC3B-F87EB8F99A3C} = {BE8A3564-EF98-42AF-914D-8801F71EF143}
		{DFFA0828-7277-4E48-92E9-1FE9A22BBF0C} = {9C791C41-7616-4E5D-959E-AFEC6AF1383E}
		{99709C7A-147C-413C-B39F-60FB8CA9A630} = {DFFA0828-7277-4E48-92E9-1FE9A22BBF0C}
		{71B4025D-03B8-49CE-B16A-2FDE9981466E} = {DFFA0828-7277-4E48-92E9-1FE9A22BBF0C}
		{D0E26EF1-EAC0-400A-9739-904FAF5E153C} = {DFFA0828-7277-4E48-92E9-1FE9A22BBF0C}
		{E2C4C32B-B4EA-45B1-ADB7-63A740EB91B5} = {DFFA0828-7277-4E48-92E9-1FE9A22BBF0C}
		{15B96C9A-2CC0-4505-A036-5C8780D057ED} = {DFFA0828-7277-4E48-92E9-1FE9A22BBF0C}
		{C9793F5D-5411-4875-B6D0-64BC1892C13E} = {DFFA0828-7277-4E48-92E9-1FE9A22BBF0C}
		{171F8D0B-E457-48E1-A263-1CDF1A3717CA} = {DFFA0828-7277-4E48-92E9-1FE9A22BBF0C}
		{879E38B7-6D94-45B6-935D-4145BF6DC4B4} = {DFFA0828-7277-4E48-92E9-1FE9A22BBF0C}
		{3DE0AB32-AFC1-442C-AF56-014E030CF6A7} = {DFFA0828-7277-4E48-92E9-1FE9A22BBF0C}
		{6330F757-7EDE-4F94-A07B-7967E0AC30B6} = {9C791C41-7616-4E5D-959E-AFEC6AF1383E}
		{068ED4CE-B4B3-4B82-B8B7-651E55566C72} = {6330F757-7EDE-4F94-A07B-7967E0AC30B6}
		{BB7C279A-2B67-4F44-80C3-5876D162D065} = {6330F757-7EDE-4F94-A07B-7967E0AC30B6}
		{1FE0C905-6546-46FF-8BED-5CB7427DA8CD} = {9C791C41-7616-4E5D-959E-AFEC6AF1383E}
		{2F090372-0403-44F8-BB68-C674F849F27C} = {E9EEE0EB-7990-46FB-A4B2-B1257D786EAC}
		{E9EEE0EB-7990-46FB-A4B2-B1257D786EAC} = {1FE0C905-6546-46FF-8BED-5CB7427DA8CD}
		{5B3EECAC-4612-48BC-AF71-32F7BD3BFB64} = {E9EEE0EB-7990-46FB-A4B2-B1257D786EAC}
		{9F4218B1-271B-4EEA-A5D3-104EE96FD383} = {1FE0C905-6546-46FF-8BED-5CB7427DA8CD}
		{1BB83126-4F33-4BF3-A683-878234643D74} = {7FBE1386-576C-4220-A93B-5B7DF4339769}
		{7FBE1386-576C-4220-A93B-5B7DF4339769} = {1FE0C905-6546-46FF-8BED-5CB7427DA8CD}
		{5381E02F-4D9F-4F59-B777-864589901FD2} = {7FBE1386-576C-4220-A93B-5B7DF4339769}
		{911021EE-DBD3-4669-96BA-65ACE4994979} = {1FE0C905-6546-46FF-8BED-5CB7427DA8CD}
		{FD0449D7-8329-404E-A8F1-626231553335} = {1FE0C905-6546-46FF-8BED-5CB7427DA8CD}
		{6484C734-C802-40E9-ACBF-0D2B3A592024} = {9C791C41-7616-4E5D-959E-AFEC6AF1383E}
		{BB3F278E-B505-43E2-AE0B-52FF292C88FB} = {6484C734-C802-40E9-ACBF-0D2B3A592024}
	EndGlobalSection
	GlobalSection(ExtensibilityGlobals) = postSolution
		SolutionGuid = {6F40CF1F-12AB-40EC-8816-667D58AEABCC}
	EndGlobalSection
EndGlobal
